
Microsoft Visual Studio Solution File, Format Version 12.00
# Visual Studio 15
VisualStudioVersion = 15.0.27703.2000
MinimumVisualStudioVersion = 10.0.40219.1
Project("{FAE04EC0-301F-11D3-BF4B-00C04F79EFBC}") = "StringSimilarity", "StringSimilarity\StringSimilarity.csproj", "{03D4B08F-95ED-467A-8170-4F155F3A87CA}"
EndProject
Project("{FAE04EC0-301F-11D3-BF4B-00C04F79EFBC}") = "TestWindowsFormApp", "TestWindowsFormApp\TestWindowsFormApp.csproj", "{48CDBAD7-7167-491D-BD6D-36B02AD731E3}"
EndProject
Global
	GlobalSection(SolutionConfigurationPlatforms) = preSolution
		Debug|Any CPU = Debug|Any CPU
		Release|Any CPU = Release|Any CPU
	EndGlobalSection
	GlobalSection(ProjectConfigurationPlatforms) = postSolution
		{03D4B08F-95ED-467A-8170-4F155F3A87CA}.Debug|Any CPU.ActiveCfg = Debug|Any CPU
		{03D4B08F-95ED-467A-8170-4F155F3A87CA}.Debug|Any CPU.Build.0 = Debug|Any CPU
		{03D4B08F-95ED-467A-8170-4F155F3A87CA}.Release|Any CPU.ActiveCfg = Release|Any CPU
		{03D4B08F-95ED-467A-8170-4F155F3A87CA}.Release|Any CPU.Build.0 = Release|Any CPU
		{48CDBAD7-7167-491D-BD6D-36B02AD731E3}.Debug|Any CPU.ActiveCfg = Debug|Any CPU
		{48CDBAD7-7167-491D-BD6D-36B02AD731E3}.Debug|Any CPU.Build.0 = Debug|Any CPU
		{48CDBAD7-7167-491D-BD6D-36B02AD731E3}.Release|Any CPU.ActiveCfg = Release|Any CPU
		{48CDBAD7-7167-491D-BD6D-36B02AD731E3}.Release|Any CPU.Build.0 = Release|Any CPU
	EndGlobalSection
	GlobalSection(SolutionProperties) = preSolution
		HideSolutionNode = FALSE
	EndGlobalSection
	GlobalSection(ExtensibilityGlobals) = postSolution
		SolutionGuid = {88857660-48E9-4BCA-844E-27711E6E0A4C}
	EndGlobalSection
EndGlobal
